{
  "name": "@serviceradar/dashboard-sdk",
  "version": "0.1.0",
  "lockfileVersion": 3,
  "requires": true,
  "packages": {
    "": {
      "name": "@serviceradar/dashboard-sdk",
      "version": "0.1.0",
      "license": "UNLICENSED",
      "dependencies": {
        "@serviceradar/cli": "file:../serviceradar/js/cli"
      },
      "devDependencies": {
        "react": "^19.2.5",
        "react-dom": "^19.2.5"
      },
      "peerDependencies": {
        "react": ">=19.2.5",
        "react-dom": ">=19.2.5"
      }
    },
    "../serviceradar/js/cli": {
      "name": "@serviceradar/cli",
      "version": "0.1.0",
      "license": "UNLICENSED",
      "dependencies": {
        "@serviceradar/dashboard-sdk": "file:../../../serviceradar-sdk-dashboard",
        "@vitejs/plugin-react": "^5.0.4",
        "vite": "^7.1.12"
      },
      "bin": {
        "serviceradar-cli": "bin/serviceradar-cli.js",
        "serviceradar-dashboard": "bin/serviceradar-dashboard.js"
      },
      "engines": {
        "node": ">=20"
      }
    },
    "node_modules/@serviceradar/cli": {
      "resolved": "../serviceradar/js/cli",
      "link": true
    },
    "node_modules/react": {
      "version": "19.2.5",
      "resolved": "https://registry.npmjs.org/react/-/react-19.2.5.tgz",
      "integrity": "sha512-llUJLzz1zTUBrskt2pwZgLq59AemifIftw4aB7JxOqf1HY2FDaGDxgwpAPVzHU1kdWabH7FauP4i1oEeer2WCA==",
      "dev": true,
      "license": "MIT",
      "engines": {
        "node": ">=0.10.0"
      }
    },
    "node_modules/react-dom": {
      "version": "19.2.5",
      "resolved": "https://registry.npmjs.org/react-dom/-/react-dom-19.2.5.tgz",
      "integrity": "sha512-J5bAZz+DXMMwW/wV3xzKke59Af6CHY7G4uYLN1OvBcKEsWOs4pQExj86BBKamxl/Ik5bx9whOrvBlSDfWzgSag==",
      "dev": true,
      "license": "MIT",
      "dependencies": {
        "scheduler": "^0.27.0"
      },
      "peerDependencies": {
        "react": "^19.2.5"
      }
    },
    "node_modules/scheduler": {
      "version": "0.27.0",
      "resolved": "https://registry.npmjs.org/scheduler/-/scheduler-0.27.0.tgz",
      "integrity": "sha512-eNv+WrVbKu1f3vbYJT/xtiF5syA5HPIMtf9IgY/nKg0sWqzAUEvqY/xm7OcZc/qafLx/iO9FgOmeSAp4v5ti/Q==",
      "dev": true,
      "license": "MIT"
    }
  }
}
